
Microsoft Visual Studio Solution File, Format Version 12.00
# Visual Studio Version 17
VisualStudioVersion = 17.2.32616.157
MinimumVisualStudioVersion = 10.0.40219.1
Project("{FAE04EC0-301F-11D3-BF4B-00C04F79EFBC}") = "Exercise2", "Exercise2\Exercise2.csproj", "{050153CC-4050-4A96-87EF-8A25C3E6C95F}"
EndProject
Global
	GlobalSection(SolutionConfigurationPlatforms) = preSolution
		Debug|Any CPU = Debug|Any CPU
		Release|Any CPU = Release|Any CPU
	EndGlobalSection
	GlobalSection(ProjectConfigurationPlatforms) = postSolution
		{050153CC-4050-4A96-87EF-8A25C3E6C95F}.Debug|Any CPU.ActiveCfg = Debug|Any CPU
		{050153CC-4050-4A96-87EF-8A25C3E6C95F}.Debug|Any CPU.Build.0 = Debug|Any CPU
		{050153CC-4050-4A96-87EF-8A25C3E6C95F}.Release|Any CPU.ActiveCfg = Release|Any CPU
		{050153CC-4050-4A96-87EF-8A25C3E6C95F}.Release|Any CPU.Build.0 = Release|Any CPU
	EndGlobalSection
	GlobalSection(SolutionProperties) = preSolution
		HideSolutionNode = FALSE
	EndGlobalSection
	GlobalSection(ExtensibilityGlobals) = postSolution
		SolutionGuid = {EB63B080-8CD3-4E85-B61F-B2945B9B9950}
	EndGlobalSection
EndGlobal
